# THIS IS AN AUTOGENERATED FILE. DO NOT EDIT THIS FILE DIRECTLY.
# yarn lockfile v1


"@vxapp/wxjs@^0.0.3":
  version "0.0.3"
  resolved "https://registry.yarnpkg.com/@vxapp/wxjs/-/wxjs-0.0.3.tgz#e6e7b464b3bfc31e7deb07bec795fe54b0811386"

"@vxapp/wxml@^0.0.3":
  version "0.0.3"
  resolved "https://registry.yarnpkg.com/@vxapp/wxml/-/wxml-0.0.3.tgz#83320aaaaec4f72c4d86757d746c90050a54181f"

"@vxapp/wxss@^0.0.3":
  version "0.0.3"
  resolved "https://registry.yarnpkg.com/@vxapp/wxss/-/wxss-0.0.3.tgz#56179c0d2b2f89bde7266e2698a517183daf4bbc"
